
Microsoft Visual Studio Solution File, Format Version 12.00
# Visual Studio Version 17
VisualStudioVersion = 17.4.33205.214
MinimumVisualStudioVersion = 10.0.40219.1
Project("{E24C65DC-7377-472B-9ABA-BC803B73C61A}") = "TP 2 Service", ".", "{6DB8647E-B879-42F9-AA22-1B8AAF668412}"
	ProjectSection(WebsiteProperties) = preProject
		TargetFrameworkMoniker = ".NETFramework,Version%3Dv4.7.2"
		Debug.AspNetCompiler.VirtualPath = "/localhost_49796"
		Debug.AspNetCompiler.PhysicalPath = "..\TP 2 Service\"
		Debug.AspNetCompiler.TargetPath = "PrecompiledWeb\localhost_49796\"
		Debug.AspNetCompiler.Updateable = "true"
		Debug.AspNetCompiler.ForceOverwrite = "true"
		Debug.AspNetCompiler.FixedNames = "false"
		Debug.AspNetCompiler.Debug = "True"
		Release.AspNetCompiler.VirtualPath = "/localhost_49796"
		Release.AspNetCompiler.PhysicalPath = "..\TP 2 Service\"
		Release.AspNetCompiler.TargetPath = "PrecompiledWeb\localhost_49796\"
		Release.AspNetCompiler.Updateable = "true"
		Release.AspNetCompiler.ForceOverwrite = "true"
		Release.AspNetCompiler.FixedNames = "false"
		Release.AspNetCompiler.Debug = "False"
		VWDPort = "49796"
		SlnRelativePath = "..\TP 2 Service\"
		DefaultWebSiteLanguage = "Visual C#"
	EndProjectSection
EndProject
Global
	GlobalSection(SolutionConfigurationPlatforms) = preSolution
		Debug|Any CPU = Debug|Any CPU
	EndGlobalSection
	GlobalSection(ProjectConfigurationPlatforms) = postSolution
		{6DB8647E-B879-42F9-AA22-1B8AAF668412}.Debug|Any CPU.ActiveCfg = Debug|Any CPU
		{6DB8647E-B879-42F9-AA22-1B8AAF668412}.Debug|Any CPU.Build.0 = Debug|Any CPU
	EndGlobalSection
	GlobalSection(SolutionProperties) = preSolution
		HideSolutionNode = FALSE
	EndGlobalSection
	GlobalSection(ExtensibilityGlobals) = postSolution
		SolutionGuid = {928BE952-6E2B-4F1D-87CD-92F149C58932}
	EndGlobalSection
EndGlobal
